# This file is @generated by PDM.
# It is not intended for manual editing.

[metadata]
groups = ["default"]
strategy = ["inherit_metadata"]
lock_version = "4.5.0"
content_hash = "sha256:6b90addbf559e52446a2e986a846dc5b4bfef173693cf7cce317c15adb10de6a"

[[metadata.targets]]
requires_python = "==3.14.*"

[[package]]
name = "objektorientierung"
version = "0.1.0"
requires_python = "==3.14.*"
path = "."
summary = "Default template for PDM package"
groups = ["default"]
